
Microsoft Visual Studio Solution File, Format Version 12.00
# Visual Studio Version 17
VisualStudioVersion = 17.6.33723.286
MinimumVisualStudioVersion = 10.0.40219.1
Project("{FAE04EC0-301F-11D3-BF4B-00C04F79EFBC}") = "Shapes", "Shapes\Shapes.csproj", "{7AFC7C4A-294F-4A50-94A2-5A340132626F}"
EndProject
Project("{FAE04EC0-301F-11D3-BF4B-00C04F79EFBC}") = "ShapesTest", "ShapesTest\ShapesTest.csproj", "{B4F8A2D1-7333-4066-B2CB-0AF299D77ED0}"
EndProject
Project("{FAE04EC0-301F-11D3-BF4B-00C04F79EFBC}") = "UseShapes", "UseShapes\UseShapes.csproj", "{464FA8BB-A0F0-4F29-AA14-08227E30CD65}"
EndProject
Global
	GlobalSection(SolutionConfigurationPlatforms) = preSolution
		Debug|Any CPU = Debug|Any CPU
		Release|Any CPU = Release|Any CPU
	EndGlobalSection
	GlobalSection(ProjectConfigurationPlatforms) = postSolution
		{7AFC7C4A-294F-4A50-94A2-5A340132626F}.Debug|Any CPU.ActiveCfg = Debug|Any CPU
		{7AFC7C4A-294F-4A50-94A2-5A340132626F}.Debug|Any CPU.Build.0 = Debug|Any CPU
		{7AFC7C4A-294F-4A50-94A2-5A340132626F}.Release|Any CPU.ActiveCfg = Release|Any CPU
		{7AFC7C4A-294F-4A50-94A2-5A340132626F}.Release|Any CPU.Build.0 = Release|Any CPU
		{B4F8A2D1-7333-4066-B2CB-0AF299D77ED0}.Debug|Any CPU.ActiveCfg = Debug|Any CPU
		{B4F8A2D1-7333-4066-B2CB-0AF299D77ED0}.Debug|Any CPU.Build.0 = Debug|Any CPU
		{B4F8A2D1-7333-4066-B2CB-0AF299D77ED0}.Release|Any CPU.ActiveCfg = Release|Any CPU
		{B4F8A2D1-7333-4066-B2CB-0AF299D77ED0}.Release|Any CPU.Build.0 = Release|Any CPU
		{464FA8BB-A0F0-4F29-AA14-08227E30CD65}.Debug|Any CPU.ActiveCfg = Debug|Any CPU
		{464FA8BB-A0F0-4F29-AA14-08227E30CD65}.Debug|Any CPU.Build.0 = Debug|Any CPU
		{464FA8BB-A0F0-4F29-AA14-08227E30CD65}.Release|Any CPU.ActiveCfg = Release|Any CPU
		{464FA8BB-A0F0-4F29-AA14-08227E30CD65}.Release|Any CPU.Build.0 = Release|Any CPU
	EndGlobalSection
	GlobalSection(SolutionProperties) = preSolution
		HideSolutionNode = FALSE
	EndGlobalSection
	GlobalSection(ExtensibilityGlobals) = postSolution
		SolutionGuid = {77677067-2FD1-45E9-BA94-346BF52E1739}
	EndGlobalSection
EndGlobal
